<?xml version="1.0" encoding="utf-8"?>
<Project ToolsVersion="4.0" xmlns="http://schemas.microsoft.com/developer/msbuild/2003">
  <ItemGroup>
    <Filter Include="Game">
      <UniqueIdentifier>{9f6f9954-ef5f-45e0-8d5b-063d2c4a3cdb}</UniqueIdentifier>
    </Filter>
    <Filter Include="Manager">
      <UniqueIdentifier>{25cd8687-9a5f-4174-93a7-2edecd7acf17}</UniqueIdentifier>
    </Filter>
    <Filter Include="Scene">
      <UniqueIdentifier>{33ee74bc-22f0-4d06-b0ec-bdc1ec69e213}</UniqueIdentifier>
    </Filter>
    <Filter Include="Scene\StartScene">
      <UniqueIdentifier>{14cd7c67-efa3-4602-8197-76c7d4731ff7}</UniqueIdentifier>
    </Filter>
    <Filter Include="Manager\SceneManager">
      <UniqueIdentifier>{718e43f2-0084-412b-817c-18664a3b7e54}</UniqueIdentifier>
    </Filter>
    <Filter Include="Manager\BitmapManager">
      <UniqueIdentifier>{82c4dc44-cc26-4d6d-87eb-df5c017a11ab}</UniqueIdentifier>
    </Filter>
    <Filter Include="Resource">
      <UniqueIdentifier>{45b25cf4-790e-4484-b428-758047c4df10}</UniqueIdentifier>
    </Filter>
    <Filter Include="Resource\Bitmap">
      <UniqueIdentifier>{4329b7fd-fbf3-4868-952c-d53215478260}</UniqueIdentifier>
    </Filter>
    <Filter Include="Manager\GameOptionManager">
      <UniqueIdentifier>{38afbb59-6b89-4e38-954e-4a9d8887b539}</UniqueIdentifier>
    </Filter>
    <Filter Include="Resource\Bitmap\Background">
      <UniqueIdentifier>{c1c6e852-9c4a-4bed-a37a-6bad2762e014}</UniqueIdentifier>
    </Filter>
    <Filter Include="Scene\InGameScene">
      <UniqueIdentifier>{453c4ce4-b1fe-4c96-903c-64da3aae616f}</UniqueIdentifier>
    </Filter>
    <Filter Include="Scene\SceneRenderer">
      <UniqueIdentifier>{02c09f61-a56b-41f3-b438-21e942680bf6}</UniqueIdentifier>
    </Filter>
    <Filter Include="Object">
      <UniqueIdentifier>{9d0b4a61-9312-4f57-8ec5-087f55a63b1c}</UniqueIdentifier>
    </Filter>
    <Filter Include="Scene\BaseScene">
      <UniqueIdentifier>{a8f08084-00b3-444d-9d34-3d6482399da8}</UniqueIdentifier>
    </Filter>
    <Filter Include="Resource\Bitmap\UI">
      <UniqueIdentifier>{73c5ceb3-63ae-4113-a4bf-35596f336e49}</UniqueIdentifier>
    </Filter>
    <Filter Include="Resource\Bitmap\UI\Button">
      <UniqueIdentifier>{d99ac78b-ebbc-430f-aa92-0256bcc9e396}</UniqueIdentifier>
    </Filter>
    <Filter Include="Resource\Bitmap\UI\Image">
      <UniqueIdentifier>{31817437-b47d-40a2-b92e-75968480a321}</UniqueIdentifier>
    </Filter>
    <Filter Include="Object\UI">
      <UniqueIdentifier>{4c04bfdf-cc76-41e8-b7ee-f3d21a685d4b}</UniqueIdentifier>
    </Filter>
    <Filter Include="Resource\Bitmap\Object">
      <UniqueIdentifier>{fbf460dc-d118-45a6-9441-4b1ae959f7b8}</UniqueIdentifier>
    </Filter>
    <Filter Include="Object\AnimateObject">
      <UniqueIdentifier>{a876bc32-c468-4176-be90-b56046838c4a}</UniqueIdentifier>
    </Filter>
    <Filter Include="Object\Player">
      <UniqueIdentifier>{2684f9da-d3ba-4e30-bf82-221538c0d359}</UniqueIdentifier>
    </Filter>
    <Filter Include="Resource\Bitmap\Player_CatBlue">
      <UniqueIdentifier>{f9ed4718-a0ce-4319-b491-0c99ee66fc22}</UniqueIdentifier>
    </Filter>
  </ItemGroup>
  <ItemGroup>
    <ClCompile Include="main.cpp">
      <Filter>Game</Filter>
    </ClCompile>
    <ClCompile Include="Window.cpp">
      <Filter>Game</Filter>
    </ClCompile>
    <ClCompile Include="StartScene.cpp">
      <Filter>Scene\StartScene</Filter>
    </ClCompile>
    <ClCompile Include="SceneManager.cpp">
      <Filter>Manager\SceneManager</Filter>
    </ClCompile>
    <ClCompile Include="InGameScene.cpp">
      <Filter>Scene\InGameScene</Filter>
    </ClCompile>
    <ClCompile Include="SceneRenderer.cpp">
      <Filter>Scene\SceneRenderer</Filter>
    </ClCompile>
    <ClCompile Include="Scene.cpp">
      <Filter>Scene\BaseScene</Filter>
    </ClCompile>
    <ClCompile Include="AnimateObject.cpp">
      <Filter>Object\AnimateObject</Filter>
    </ClCompile>
    <ClCompile Include="Player.cpp">
      <Filter>Object\Player</Filter>
    </ClCompile>
  </ItemGroup>
  <ItemGroup>
    <ClInclude Include="Window.h">
      <Filter>Game</Filter>
    </ClInclude>
    <ClInclude Include="StartScene.h">
      <Filter>Scene\StartScene</Filter>
    </ClInclude>
    <ClInclude Include="SceneManager.h">
      <Filter>Manager\SceneManager</Filter>
    </ClInclude>
    <ClInclude Include="BitmapManager.h">
      <Filter>Manager\BitmapManager</Filter>
    </ClInclude>
    <ClInclude Include="resource.h">
      <Filter>Resource</Filter>
    </ClInclude>
    <ClInclude Include="UI.h">
      <Filter>Object\UI</Filter>
    </ClInclude>
    <ClInclude Include="GameOptionManager.h">
      <Filter>Manager\GameOptionManager</Filter>
    </ClInclude>
    <ClInclude Include="GlobalValue.h">
      <Filter>Game</Filter>
    </ClInclude>
    <ClInclude Include="InGameScene.h">
      <Filter>Scene\InGameScene</Filter>
    </ClInclude>
    <ClInclude Include="SceneRenderer.h">
      <Filter>Scene\SceneRenderer</Filter>
    </ClInclude>
    <ClInclude Include="Scene.h">
      <Filter>Scene\BaseScene</Filter>
    </ClInclude>
    <ClInclude Include="Object.h">
      <Filter>Object</Filter>
    </ClInclude>
    <ClInclude Include="AnimateObject.h">
      <Filter>Object\AnimateObject</Filter>
    </ClInclude>
    <ClInclude Include="Player.h">
      <Filter>Object\Player</Filter>
    </ClInclude>
  </ItemGroup>
  <ItemGroup>
    <ResourceCompile Include="CatWantSushi.rc">
      <Filter>Resource</Filter>
    </ResourceCompile>
  </ItemGroup>
  <ItemGroup>
    <Image Include="CWSResource\UI\StartBtn.bmp">
      <Filter>Resource\Bitmap\UI\Button</Filter>
    </Image>
    <Image Include="CWSResource\background\StartSceneBackground.bmp">
      <Filter>Resource\Bitmap\Background</Filter>
    </Image>
    <Image Include="CWSResource\background\InGameSceneBackground.bmp">
      <Filter>Resource\Bitmap\Background</Filter>
    </Image>
    <Image Include="CWSResource\UI\InGameSceneUICatBlue.bmp">
      <Filter>Resource\Bitmap\UI\Image</Filter>
    </Image>
    <Image Include="CWSResource\UI\InGameSceneUICatYellow.bmp">
      <Filter>Resource\Bitmap\UI\Image</Filter>
    </Image>
    <Image Include="CWSResource\Object\Platform.bmp">
      <Filter>Resource\Bitmap\Object</Filter>
    </Image>
    <Image Include="CWSResource\Object\Rail1.bmp">
      <Filter>Resource\Bitmap\Object</Filter>
    </Image>
    <Image Include="CWSResource\Object\Rail2.bmp">
      <Filter>Resource\Bitmap\Object</Filter>
    </Image>
    <Image Include="CWSResource\cat_blue\CAT_BLUE.bmp">
      <Filter>Resource\Bitmap\Player_CatBlue</Filter>
    </Image>
  </ItemGroup>
</Project>